{
  "requires": true,
  "lockfileVersion": 1,
  "dependencies": {
    "@auth0/auth0-react": {
      "version": "2.0.2",
      "resolved": "https://registry.npmjs.org/@auth0/auth0-react/-/auth0-react-2.0.2.tgz",
      "integrity": "sha512-MyN1FdB+Ogo9S3YWShfUq7eVsq37ioh885oThnwZ1OjYrKUlImM+dWwybDD+Bg8U28sYBt3QEqFbMAQC/p4ONQ==",
      "requires": {
        "@auth0/auth0-spa-js": "^2.0.4"
      }
    },
    "@auth0/auth0-spa-js": {
      "version": "2.0.4",
      "resolved": "https://registry.npmjs.org/@auth0/auth0-spa-js/-/auth0-spa-js-2.0.4.tgz",
      "integrity": "sha512-NgD6Fkm5Xnbned1VjhEW8irm1/Y8AWtdSLexgLXNwwBVgfnYicCVBu8w75m2t+4QljXkTcI7IXVEFhVmxMuxaA=="
    }
  }
}
